
Microsoft Visual Studio Solution File, Format Version 12.00
# Visual Studio Version 16
VisualStudioVersion = 16.0.30611.23
MinimumVisualStudioVersion = 10.0.40219.1
Project("{FAE04EC0-301F-11D3-BF4B-00C04F79EFBC}") = "Lab2Ex4", "Lab2Ex4.csproj", "{AA1F84B7-A7E8-4F08-920A-A124AB60373E}"
EndProject
Global
	GlobalSection(SolutionConfigurationPlatforms) = preSolution
		Debug|Any CPU = Debug|Any CPU
		Release|Any CPU = Release|Any CPU
	EndGlobalSection
	GlobalSection(ProjectConfigurationPlatforms) = postSolution
		{AA1F84B7-A7E8-4F08-920A-A124AB60373E}.Debug|Any CPU.ActiveCfg = Debug|Any CPU
		{AA1F84B7-A7E8-4F08-920A-A124AB60373E}.Debug|Any CPU.Build.0 = Debug|Any CPU
		{AA1F84B7-A7E8-4F08-920A-A124AB60373E}.Release|Any CPU.ActiveCfg = Release|Any CPU
		{AA1F84B7-A7E8-4F08-920A-A124AB60373E}.Release|Any CPU.Build.0 = Release|Any CPU
	EndGlobalSection
	GlobalSection(SolutionProperties) = preSolution
		HideSolutionNode = FALSE
	EndGlobalSection
	GlobalSection(ExtensibilityGlobals) = postSolution
		SolutionGuid = {33173B1D-CAF5-435F-A5B8-3B5CF5C05204}
	EndGlobalSection
EndGlobal
