
Microsoft Visual Studio Solution File, Format Version 12.00
# Visual Studio Version 16
VisualStudioVersion = 16.0.30611.23
MinimumVisualStudioVersion = 10.0.40219.1
Project("{FAE04EC0-301F-11D3-BF4B-00C04F79EFBC}") = "lab4ex3", "lab4ex3.csproj", "{D41EA9FF-E048-47C6-BBF9-54BC56C32641}"
EndProject
Global
	GlobalSection(SolutionConfigurationPlatforms) = preSolution
		Debug|Any CPU = Debug|Any CPU
		Release|Any CPU = Release|Any CPU
	EndGlobalSection
	GlobalSection(ProjectConfigurationPlatforms) = postSolution
		{D41EA9FF-E048-47C6-BBF9-54BC56C32641}.Debug|Any CPU.ActiveCfg = Debug|Any CPU
		{D41EA9FF-E048-47C6-BBF9-54BC56C32641}.Debug|Any CPU.Build.0 = Debug|Any CPU
		{D41EA9FF-E048-47C6-BBF9-54BC56C32641}.Release|Any CPU.ActiveCfg = Release|Any CPU
		{D41EA9FF-E048-47C6-BBF9-54BC56C32641}.Release|Any CPU.Build.0 = Release|Any CPU
	EndGlobalSection
	GlobalSection(SolutionProperties) = preSolution
		HideSolutionNode = FALSE
	EndGlobalSection
	GlobalSection(ExtensibilityGlobals) = postSolution
		SolutionGuid = {CD4EA7F4-0FE6-4E0E-A8F4-6A7BEC5EDE0D}
	EndGlobalSection
EndGlobal
