
Microsoft Visual Studio Solution File, Format Version 12.00
# Visual Studio Version 16
VisualStudioVersion = 16.0.30611.23
MinimumVisualStudioVersion = 10.0.40219.1
Project("{FAE04EC0-301F-11D3-BF4B-00C04F79EFBC}") = "lab1ex3", "lab1ex3.csproj", "{916613FE-8F97-4DFA-BD9F-65D35241E8FB}"
EndProject
Global
	GlobalSection(SolutionConfigurationPlatforms) = preSolution
		Debug|Any CPU = Debug|Any CPU
		Release|Any CPU = Release|Any CPU
	EndGlobalSection
	GlobalSection(ProjectConfigurationPlatforms) = postSolution
		{916613FE-8F97-4DFA-BD9F-65D35241E8FB}.Debug|Any CPU.ActiveCfg = Debug|Any CPU
		{916613FE-8F97-4DFA-BD9F-65D35241E8FB}.Debug|Any CPU.Build.0 = Debug|Any CPU
		{916613FE-8F97-4DFA-BD9F-65D35241E8FB}.Release|Any CPU.ActiveCfg = Release|Any CPU
		{916613FE-8F97-4DFA-BD9F-65D35241E8FB}.Release|Any CPU.Build.0 = Release|Any CPU
	EndGlobalSection
	GlobalSection(SolutionProperties) = preSolution
		HideSolutionNode = FALSE
	EndGlobalSection
	GlobalSection(ExtensibilityGlobals) = postSolution
		SolutionGuid = {AEE4DEBE-8485-44FD-803C-A529C20CED1A}
	EndGlobalSection
EndGlobal
