
Microsoft Visual Studio Solution File, Format Version 12.00
# Visual Studio Version 16
VisualStudioVersion = 16.0.30611.23
MinimumVisualStudioVersion = 10.0.40219.1
Project("{FAE04EC0-301F-11D3-BF4B-00C04F79EFBC}") = "Lab9ex2", "Lab9ex2.csproj", "{AE710324-5105-404C-A7B8-7911E271CF6C}"
EndProject
Global
	GlobalSection(SolutionConfigurationPlatforms) = preSolution
		Debug|Any CPU = Debug|Any CPU
		Release|Any CPU = Release|Any CPU
	EndGlobalSection
	GlobalSection(ProjectConfigurationPlatforms) = postSolution
		{AE710324-5105-404C-A7B8-7911E271CF6C}.Debug|Any CPU.ActiveCfg = Debug|Any CPU
		{AE710324-5105-404C-A7B8-7911E271CF6C}.Debug|Any CPU.Build.0 = Debug|Any CPU
		{AE710324-5105-404C-A7B8-7911E271CF6C}.Release|Any CPU.ActiveCfg = Release|Any CPU
		{AE710324-5105-404C-A7B8-7911E271CF6C}.Release|Any CPU.Build.0 = Release|Any CPU
	EndGlobalSection
	GlobalSection(SolutionProperties) = preSolution
		HideSolutionNode = FALSE
	EndGlobalSection
	GlobalSection(ExtensibilityGlobals) = postSolution
		SolutionGuid = {B847D492-80CE-49E2-8D50-C19AF37ED63A}
	EndGlobalSection
EndGlobal
