
Microsoft Visual Studio Solution File, Format Version 12.00
# Visual Studio Version 16
VisualStudioVersion = 16.0.30611.23
MinimumVisualStudioVersion = 10.0.40219.1
Project("{FAE04EC0-301F-11D3-BF4B-00C04F79EFBC}") = "Lab3ex3", "Lab3ex3.csproj", "{EF29CBE7-CAC6-4EC8-AC45-1765C889CADD}"
EndProject
Global
	GlobalSection(SolutionConfigurationPlatforms) = preSolution
		Debug|Any CPU = Debug|Any CPU
		Release|Any CPU = Release|Any CPU
	EndGlobalSection
	GlobalSection(ProjectConfigurationPlatforms) = postSolution
		{EF29CBE7-CAC6-4EC8-AC45-1765C889CADD}.Debug|Any CPU.ActiveCfg = Debug|Any CPU
		{EF29CBE7-CAC6-4EC8-AC45-1765C889CADD}.Debug|Any CPU.Build.0 = Debug|Any CPU
		{EF29CBE7-CAC6-4EC8-AC45-1765C889CADD}.Release|Any CPU.ActiveCfg = Release|Any CPU
		{EF29CBE7-CAC6-4EC8-AC45-1765C889CADD}.Release|Any CPU.Build.0 = Release|Any CPU
	EndGlobalSection
	GlobalSection(SolutionProperties) = preSolution
		HideSolutionNode = FALSE
	EndGlobalSection
	GlobalSection(ExtensibilityGlobals) = postSolution
		SolutionGuid = {BD87ED97-C2DF-491E-927E-E67907F0E49C}
	EndGlobalSection
EndGlobal
